
Microsoft Visual Studio Solution File, Format Version 12.00
# Visual Studio Version 17
VisualStudioVersion = 17.1.32407.343
MinimumVisualStudioVersion = 10.0.40219.1
Project("{FAE04EC0-301F-11D3-BF4B-00C04F79EFBC}") = "NZWalks.Api", "NZWalks.Api\NZWalks.Api.csproj", "{A2144E55-299B-46FF-9216-1BE8EDE8E0E8}"
EndProject
Global
	GlobalSection(SolutionConfigurationPlatforms) = preSolution
		Debug|Any CPU = Debug|Any CPU
		Release|Any CPU = Release|Any CPU
	EndGlobalSection
	GlobalSection(ProjectConfigurationPlatforms) = postSolution
		{A2144E55-299B-46FF-9216-1BE8EDE8E0E8}.Debug|Any CPU.ActiveCfg = Debug|Any CPU
		{A2144E55-299B-46FF-9216-1BE8EDE8E0E8}.Debug|Any CPU.Build.0 = Debug|Any CPU
		{A2144E55-299B-46FF-9216-1BE8EDE8E0E8}.Release|Any CPU.ActiveCfg = Release|Any CPU
		{A2144E55-299B-46FF-9216-1BE8EDE8E0E8}.Release|Any CPU.Build.0 = Release|Any CPU
	EndGlobalSection
	GlobalSection(SolutionProperties) = preSolution
		HideSolutionNode = FALSE
	EndGlobalSection
	GlobalSection(ExtensibilityGlobals) = postSolution
		SolutionGuid = {6657751B-D40B-4FC9-B627-5F3D3A9344B7}
	EndGlobalSection
EndGlobal
